
Microsoft Visual Studio Solution File, Format Version 12.00
# Visual Studio Version 16
VisualStudioVersion = 16.0.30225.117
MinimumVisualStudioVersion = 10.0.40219.1
Project("{9A19103F-16F7-4668-BE54-9A1E7A4F7556}") = "MainConsole", "MainConsole\MainConsole.csproj", "{A5AF37B3-F126-4CDA-A487-2AD7D19E7656}"
EndProject
Project("{9A19103F-16F7-4668-BE54-9A1E7A4F7556}") = "DesignPattern", "DesignPattern\DesignPattern.csproj", "{A5ADEB5C-2ADC-4EF0-AB75-FD71BA9ED904}"
EndProject
Project("{2150E333-8FDC-42A3-9474-1A3956D46DE8}") = "AdvancedGrammar", "AdvancedGrammar", "{7CA9A5C3-C68A-49EC-9B0B-77C529736268}"
EndProject
Project("{9A19103F-16F7-4668-BE54-9A1E7A4F7556}") = "Grammar.Generic", "Grammar.Generic\Grammar.Generic.csproj", "{41DAC982-A716-4BD9-997F-D33E745EA5C4}"
EndProject
Project("{9A19103F-16F7-4668-BE54-9A1E7A4F7556}") = "ServiceCollection", "ServiceCollection\ServiceCollection.csproj", "{486C5903-15A2-428F-9A4A-A347E1F2D8A9}"
EndProject
Project("{9A19103F-16F7-4668-BE54-9A1E7A4F7556}") = "Grammar.Delegate", "Grammar.Delegate\Grammar.Delegate.csproj", "{D2158AC2-E2F0-4463-820C-92F2A2DD88C4}"
EndProject
Project("{9A19103F-16F7-4668-BE54-9A1E7A4F7556}") = "TaskUnitTest", "TaskUnitTest\TaskUnitTest.csproj", "{8F3B1DEB-656A-412A-9C5A-13FF9B66495B}"
EndProject
Project("{9A19103F-16F7-4668-BE54-9A1E7A4F7556}") = "Utilty", "Utilty\Utilty.csproj", "{74A96AAC-DC22-4080-BF6D-7E435CD866FF}"
EndProject
Project("{9A19103F-16F7-4668-BE54-9A1E7A4F7556}") = "Test.Core.Web", "Test.Core.Web\Test.Core.Web.csproj", "{6495BB1E-60FE-4E97-87B6-9F0E5AC37688}"
EndProject
Project("{FAE04EC0-301F-11D3-BF4B-00C04F79EFBC}") = "Autofac_MediatR", "Autofac_MediatR\Autofac_MediatR.csproj", "{A3AB28D5-C1A0-46BC-92D6-8D69AEF24F66}"
EndProject
Project("{9A19103F-16F7-4668-BE54-9A1E7A4F7556}") = "WebApi", "WebApi\WebApi.csproj", "{2219C342-6BBE-4FF4-9CF0-81C0D8D613EB}"
EndProject
Project("{9A19103F-16F7-4668-BE54-9A1E7A4F7556}") = "Dispatcher", "Dispatcher\Dispatcher.csproj", "{EDFBBF74-1CA0-44A6-AA94-176C28AB5810}"
EndProject
Project("{2150E333-8FDC-42A3-9474-1A3956D46DE8}") = "Solution Items", "Solution Items", "{388767BB-6240-4B36-9643-C9C090416B7D}"
EndProject
Project("{2150E333-8FDC-42A3-9474-1A3956D46DE8}") = ".template.config", ".template.config", "{B5BCF979-CD2C-49BB-8FF8-DAEA48DFBCF1}"
	ProjectSection(SolutionItems) = preProject
		template.json = template.json
	EndProjectSection
EndProject
Global
	GlobalSection(SolutionConfigurationPlatforms) = preSolution
		Debug|Any CPU = Debug|Any CPU
		Release|Any CPU = Release|Any CPU
	EndGlobalSection
	GlobalSection(ProjectConfigurationPlatforms) = postSolution
		{A5AF37B3-F126-4CDA-A487-2AD7D19E7656}.Debug|Any CPU.ActiveCfg = Debug|Any CPU
		{A5AF37B3-F126-4CDA-A487-2AD7D19E7656}.Debug|Any CPU.Build.0 = Debug|Any CPU
		{A5AF37B3-F126-4CDA-A487-2AD7D19E7656}.Release|Any CPU.ActiveCfg = Release|Any CPU
		{A5AF37B3-F126-4CDA-A487-2AD7D19E7656}.Release|Any CPU.Build.0 = Release|Any CPU
		{A5ADEB5C-2ADC-4EF0-AB75-FD71BA9ED904}.Debug|Any CPU.ActiveCfg = Debug|Any CPU
		{A5ADEB5C-2ADC-4EF0-AB75-FD71BA9ED904}.Debug|Any CPU.Build.0 = Debug|Any CPU
		{A5ADEB5C-2ADC-4EF0-AB75-FD71BA9ED904}.Release|Any CPU.ActiveCfg = Release|Any CPU
		{A5ADEB5C-2ADC-4EF0-AB75-FD71BA9ED904}.Release|Any CPU.Build.0 = Release|Any CPU
		{41DAC982-A716-4BD9-997F-D33E745EA5C4}.Debug|Any CPU.ActiveCfg = Debug|Any CPU
		{41DAC982-A716-4BD9-997F-D33E745EA5C4}.Debug|Any CPU.Build.0 = Debug|Any CPU
		{41DAC982-A716-4BD9-997F-D33E745EA5C4}.Release|Any CPU.ActiveCfg = Release|Any CPU
		{41DAC982-A716-4BD9-997F-D33E745EA5C4}.Release|Any CPU.Build.0 = Release|Any CPU
		{486C5903-15A2-428F-9A4A-A347E1F2D8A9}.Debug|Any CPU.ActiveCfg = Debug|Any CPU
		{486C5903-15A2-428F-9A4A-A347E1F2D8A9}.Debug|Any CPU.Build.0 = Debug|Any CPU
		{486C5903-15A2-428F-9A4A-A347E1F2D8A9}.Release|Any CPU.ActiveCfg = Release|Any CPU
		{486C5903-15A2-428F-9A4A-A347E1F2D8A9}.Release|Any CPU.Build.0 = Release|Any CPU
		{D2158AC2-E2F0-4463-820C-92F2A2DD88C4}.Debug|Any CPU.ActiveCfg = Debug|Any CPU
		{D2158AC2-E2F0-4463-820C-92F2A2DD88C4}.Debug|Any CPU.Build.0 = Debug|Any CPU
		{D2158AC2-E2F0-4463-820C-92F2A2DD88C4}.Release|Any CPU.ActiveCfg = Release|Any CPU
		{D2158AC2-E2F0-4463-820C-92F2A2DD88C4}.Release|Any CPU.Build.0 = Release|Any CPU
		{8F3B1DEB-656A-412A-9C5A-13FF9B66495B}.Debug|Any CPU.ActiveCfg = Debug|Any CPU
		{8F3B1DEB-656A-412A-9C5A-13FF9B66495B}.Debug|Any CPU.Build.0 = Debug|Any CPU
		{8F3B1DEB-656A-412A-9C5A-13FF9B66495B}.Release|Any CPU.ActiveCfg = Release|Any CPU
		{8F3B1DEB-656A-412A-9C5A-13FF9B66495B}.Release|Any CPU.Build.0 = Release|Any CPU
		{74A96AAC-DC22-4080-BF6D-7E435CD866FF}.Debug|Any CPU.ActiveCfg = Debug|Any CPU
		{74A96AAC-DC22-4080-BF6D-7E435CD866FF}.Debug|Any CPU.Build.0 = Debug|Any CPU
		{74A96AAC-DC22-4080-BF6D-7E435CD866FF}.Release|Any CPU.ActiveCfg = Release|Any CPU
		{74A96AAC-DC22-4080-BF6D-7E435CD866FF}.Release|Any CPU.Build.0 = Release|Any CPU
		{6495BB1E-60FE-4E97-87B6-9F0E5AC37688}.Debug|Any CPU.ActiveCfg = Debug|Any CPU
		{6495BB1E-60FE-4E97-87B6-9F0E5AC37688}.Debug|Any CPU.Build.0 = Debug|Any CPU
		{6495BB1E-60FE-4E97-87B6-9F0E5AC37688}.Release|Any CPU.ActiveCfg = Release|Any CPU
		{6495BB1E-60FE-4E97-87B6-9F0E5AC37688}.Release|Any CPU.Build.0 = Release|Any CPU
		{A3AB28D5-C1A0-46BC-92D6-8D69AEF24F66}.Debug|Any CPU.ActiveCfg = Debug|Any CPU
		{A3AB28D5-C1A0-46BC-92D6-8D69AEF24F66}.Debug|Any CPU.Build.0 = Debug|Any CPU
		{A3AB28D5-C1A0-46BC-92D6-8D69AEF24F66}.Release|Any CPU.ActiveCfg = Release|Any CPU
		{A3AB28D5-C1A0-46BC-92D6-8D69AEF24F66}.Release|Any CPU.Build.0 = Release|Any CPU
		{2219C342-6BBE-4FF4-9CF0-81C0D8D613EB}.Debug|Any CPU.ActiveCfg = Debug|Any CPU
		{2219C342-6BBE-4FF4-9CF0-81C0D8D613EB}.Debug|Any CPU.Build.0 = Debug|Any CPU
		{2219C342-6BBE-4FF4-9CF0-81C0D8D613EB}.Release|Any CPU.ActiveCfg = Release|Any CPU
		{2219C342-6BBE-4FF4-9CF0-81C0D8D613EB}.Release|Any CPU.Build.0 = Release|Any CPU
		{EDFBBF74-1CA0-44A6-AA94-176C28AB5810}.Debug|Any CPU.ActiveCfg = Debug|Any CPU
		{EDFBBF74-1CA0-44A6-AA94-176C28AB5810}.Debug|Any CPU.Build.0 = Debug|Any CPU
		{EDFBBF74-1CA0-44A6-AA94-176C28AB5810}.Release|Any CPU.ActiveCfg = Release|Any CPU
		{EDFBBF74-1CA0-44A6-AA94-176C28AB5810}.Release|Any CPU.Build.0 = Release|Any CPU
	EndGlobalSection
	GlobalSection(SolutionProperties) = preSolution
		HideSolutionNode = FALSE
	EndGlobalSection
	GlobalSection(NestedProjects) = preSolution
		{41DAC982-A716-4BD9-997F-D33E745EA5C4} = {7CA9A5C3-C68A-49EC-9B0B-77C529736268}
		{D2158AC2-E2F0-4463-820C-92F2A2DD88C4} = {7CA9A5C3-C68A-49EC-9B0B-77C529736268}
		{B5BCF979-CD2C-49BB-8FF8-DAEA48DFBCF1} = {388767BB-6240-4B36-9643-C9C090416B7D}
	EndGlobalSection
	GlobalSection(ExtensibilityGlobals) = postSolution
		SolutionGuid = {54E11BB4-5B62-4487-BB1A-6ED2A322FA85}
	EndGlobalSection
EndGlobal
